
Microsoft Visual Studio Solution File, Format Version 12.00
# Visual Studio Version 17
VisualStudioVersion = 17.5.002.0
MinimumVisualStudioVersion = 10.0.40219.1
Project("{2150E333-8FDC-42A3-9474-1A3956D46DE8}") = "sandbox", "sandbox", "{D3135B16-8B17-454E-8CEB-0D051227547C}"
EndProject
Project("{9A19103F-16F7-4668-BE54-9A1E7A4F7556}") = "sandbox_project", "sandbox\sandbox_project\sandbox_project.csproj", "{A7D66D7E-3D42-4C86-BFDB-4D1902779691}"
EndProject
Project("{2150E333-8FDC-42A3-9474-1A3956D46DE8}") = "week01", "week01", "{C0D47900-8649-4549-9C65-B4C2D44A925B}"
EndProject
Project("{9A19103F-16F7-4668-BE54-9A1E7A4F7556}") = "analyze", "week01\analyze\analyze.csproj", "{B5343AA9-A628-46EC-B277-4D892006B85B}"
EndProject
Project("{9A19103F-16F7-4668-BE54-9A1E7A4F7556}") = "code", "week01\code\code.csproj", "{CF343572-CCE9-4411-A217-753E28A17189}"
EndProject
Project("{9A19103F-16F7-4668-BE54-9A1E7A4F7556}") = "teach", "week01\teach\teach.csproj", "{C43566BE-D350-4CEC-B8A8-76E5560641BE}"
EndProject
Project("{2150E333-8FDC-42A3-9474-1A3956D46DE8}") = "week02", "week02", "{9C2F19E1-9FD7-4D32-919A-06C6922DFC03}"
EndProject
Project("{9A19103F-16F7-4668-BE54-9A1E7A4F7556}") = "analyze", "week02\analyze\analyze.csproj", "{7B248401-F688-4574-A3F9-16744F5F7882}"
EndProject
Project("{9A19103F-16F7-4668-BE54-9A1E7A4F7556}") = "code", "week02\code\code.csproj", "{B762F39C-2A72-4411-A05C-EEA3574ADE32}"
EndProject
Project("{9A19103F-16F7-4668-BE54-9A1E7A4F7556}") = "learn", "week02\learn\learn.csproj", "{B22490BF-8D97-4CF7-83DF-82682A63B926}"
EndProject
Project("{9A19103F-16F7-4668-BE54-9A1E7A4F7556}") = "teach", "week02\teach\teach.csproj", "{4F4FAA2A-D18C-461E-B0E1-E2A2C7E6DF97}"
EndProject
Project("{2150E333-8FDC-42A3-9474-1A3956D46DE8}") = "week03", "week03", "{40779936-52E8-4E3B-A010-2358ABD7E4E2}"
EndProject
Project("{9A19103F-16F7-4668-BE54-9A1E7A4F7556}") = "code", "week03\code\code.csproj", "{CFDA3E85-C0B8-4169-BB74-6861F5916D02}"
EndProject
Project("{9A19103F-16F7-4668-BE54-9A1E7A4F7556}") = "learn", "week03\learn\learn.csproj", "{9F46D440-4902-46F0-9218-104D383C4E26}"
EndProject
Project("{9A19103F-16F7-4668-BE54-9A1E7A4F7556}") = "teach", "week03\teach\teach.csproj", "{AEE8A216-1BBF-4098-B770-74A41857F59F}"
EndProject
Project("{2150E333-8FDC-42A3-9474-1A3956D46DE8}") = "week04", "week04", "{44704A46-C702-48EE-AFD0-BF3DC0515F8F}"
EndProject
Project("{9A19103F-16F7-4668-BE54-9A1E7A4F7556}") = "code", "week04\code\code.csproj", "{E2302112-20D3-4D5F-9441-008F3739D088}"
EndProject
Project("{2150E333-8FDC-42A3-9474-1A3956D46DE8}") = "week05", "week05", "{50A3C1DF-5486-426B-9B44-15048D24FC34}"
EndProject
Project("{9A19103F-16F7-4668-BE54-9A1E7A4F7556}") = "code", "week05\code\code.csproj", "{2E4988BA-480D-43F9-B637-DB33824AE9EB}"
EndProject
Project("{2150E333-8FDC-42A3-9474-1A3956D46DE8}") = "week06", "week06", "{79D13046-1241-42B7-A7E5-822B722FDB01}"
EndProject
Project("{9A19103F-16F7-4668-BE54-9A1E7A4F7556}") = "code", "week06\code\code.csproj", "{8362F095-8650-4053-8395-2CB008A6FBB8}"
EndProject
Global
	GlobalSection(SolutionConfigurationPlatforms) = preSolution
		Debug|Any CPU = Debug|Any CPU
		Release|Any CPU = Release|Any CPU
	EndGlobalSection
	GlobalSection(ProjectConfigurationPlatforms) = postSolution
		{A7D66D7E-3D42-4C86-BFDB-4D1902779691}.Debug|Any CPU.ActiveCfg = Debug|Any CPU
		{A7D66D7E-3D42-4C86-BFDB-4D1902779691}.Debug|Any CPU.Build.0 = Debug|Any CPU
		{A7D66D7E-3D42-4C86-BFDB-4D1902779691}.Release|Any CPU.ActiveCfg = Release|Any CPU
		{A7D66D7E-3D42-4C86-BFDB-4D1902779691}.Release|Any CPU.Build.0 = Release|Any CPU
		{B5343AA9-A628-46EC-B277-4D892006B85B}.Debug|Any CPU.ActiveCfg = Debug|Any CPU
		{B5343AA9-A628-46EC-B277-4D892006B85B}.Debug|Any CPU.Build.0 = Debug|Any CPU
		{B5343AA9-A628-46EC-B277-4D892006B85B}.Release|Any CPU.ActiveCfg = Release|Any CPU
		{B5343AA9-A628-46EC-B277-4D892006B85B}.Release|Any CPU.Build.0 = Release|Any CPU
		{CF343572-CCE9-4411-A217-753E28A17189}.Debug|Any CPU.ActiveCfg = Debug|Any CPU
		{CF343572-CCE9-4411-A217-753E28A17189}.Debug|Any CPU.Build.0 = Debug|Any CPU
		{CF343572-CCE9-4411-A217-753E28A17189}.Release|Any CPU.ActiveCfg = Release|Any CPU
		{CF343572-CCE9-4411-A217-753E28A17189}.Release|Any CPU.Build.0 = Release|Any CPU
		{C43566BE-D350-4CEC-B8A8-76E5560641BE}.Debug|Any CPU.ActiveCfg = Debug|Any CPU
		{C43566BE-D350-4CEC-B8A8-76E5560641BE}.Debug|Any CPU.Build.0 = Debug|Any CPU
		{C43566BE-D350-4CEC-B8A8-76E5560641BE}.Release|Any CPU.ActiveCfg = Release|Any CPU
		{C43566BE-D350-4CEC-B8A8-76E5560641BE}.Release|Any CPU.Build.0 = Release|Any CPU
		{7B248401-F688-4574-A3F9-16744F5F7882}.Debug|Any CPU.ActiveCfg = Debug|Any CPU
		{7B248401-F688-4574-A3F9-16744F5F7882}.Debug|Any CPU.Build.0 = Debug|Any CPU
		{7B248401-F688-4574-A3F9-16744F5F7882}.Release|Any CPU.ActiveCfg = Release|Any CPU
		{7B248401-F688-4574-A3F9-16744F5F7882}.Release|Any CPU.Build.0 = Release|Any CPU
		{B762F39C-2A72-4411-A05C-EEA3574ADE32}.Debug|Any CPU.ActiveCfg = Debug|Any CPU
		{B762F39C-2A72-4411-A05C-EEA3574ADE32}.Debug|Any CPU.Build.0 = Debug|Any CPU
		{B762F39C-2A72-4411-A05C-EEA3574ADE32}.Release|Any CPU.ActiveCfg = Release|Any CPU
		{B762F39C-2A72-4411-A05C-EEA3574ADE32}.Release|Any CPU.Build.0 = Release|Any CPU
		{B22490BF-8D97-4CF7-83DF-82682A63B926}.Debug|Any CPU.ActiveCfg = Debug|Any CPU
		{B22490BF-8D97-4CF7-83DF-82682A63B926}.Debug|Any CPU.Build.0 = Debug|Any CPU
		{B22490BF-8D97-4CF7-83DF-82682A63B926}.Release|Any CPU.ActiveCfg = Release|Any CPU
		{B22490BF-8D97-4CF7-83DF-82682A63B926}.Release|Any CPU.Build.0 = Release|Any CPU
		{4F4FAA2A-D18C-461E-B0E1-E2A2C7E6DF97}.Debug|Any CPU.ActiveCfg = Debug|Any CPU
		{4F4FAA2A-D18C-461E-B0E1-E2A2C7E6DF97}.Debug|Any CPU.Build.0 = Debug|Any CPU
		{4F4FAA2A-D18C-461E-B0E1-E2A2C7E6DF97}.Release|Any CPU.ActiveCfg = Release|Any CPU
		{4F4FAA2A-D18C-461E-B0E1-E2A2C7E6DF97}.Release|Any CPU.Build.0 = Release|Any CPU
		{CFDA3E85-C0B8-4169-BB74-6861F5916D02}.Debug|Any CPU.ActiveCfg = Debug|Any CPU
		{CFDA3E85-C0B8-4169-BB74-6861F5916D02}.Debug|Any CPU.Build.0 = Debug|Any CPU
		{CFDA3E85-C0B8-4169-BB74-6861F5916D02}.Release|Any CPU.ActiveCfg = Release|Any CPU
		{CFDA3E85-C0B8-4169-BB74-6861F5916D02}.Release|Any CPU.Build.0 = Release|Any CPU
		{9F46D440-4902-46F0-9218-104D383C4E26}.Debug|Any CPU.ActiveCfg = Debug|Any CPU
		{9F46D440-4902-46F0-9218-104D383C4E26}.Debug|Any CPU.Build.0 = Debug|Any CPU
		{9F46D440-4902-46F0-9218-104D383C4E26}.Release|Any CPU.ActiveCfg = Release|Any CPU
		{9F46D440-4902-46F0-9218-104D383C4E26}.Release|Any CPU.Build.0 = Release|Any CPU
		{AEE8A216-1BBF-4098-B770-74A41857F59F}.Debug|Any CPU.ActiveCfg = Debug|Any CPU
		{AEE8A216-1BBF-4098-B770-74A41857F59F}.Debug|Any CPU.Build.0 = Debug|Any CPU
		{AEE8A216-1BBF-4098-B770-74A41857F59F}.Release|Any CPU.ActiveCfg = Release|Any CPU
		{AEE8A216-1BBF-4098-B770-74A41857F59F}.Release|Any CPU.Build.0 = Release|Any CPU
		{E2302112-20D3-4D5F-9441-008F3739D088}.Debug|Any CPU.ActiveCfg = Debug|Any CPU
		{E2302112-20D3-4D5F-9441-008F3739D088}.Debug|Any CPU.Build.0 = Debug|Any CPU
		{E2302112-20D3-4D5F-9441-008F3739D088}.Release|Any CPU.ActiveCfg = Release|Any CPU
		{E2302112-20D3-4D5F-9441-008F3739D088}.Release|Any CPU.Build.0 = Release|Any CPU
		{2E4988BA-480D-43F9-B637-DB33824AE9EB}.Debug|Any CPU.ActiveCfg = Debug|Any CPU
		{2E4988BA-480D-43F9-B637-DB33824AE9EB}.Debug|Any CPU.Build.0 = Debug|Any CPU
		{2E4988BA-480D-43F9-B637-DB33824AE9EB}.Release|Any CPU.ActiveCfg = Release|Any CPU
		{2E4988BA-480D-43F9-B637-DB33824AE9EB}.Release|Any CPU.Build.0 = Release|Any CPU
		{8362F095-8650-4053-8395-2CB008A6FBB8}.Debug|Any CPU.ActiveCfg = Debug|Any CPU
		{8362F095-8650-4053-8395-2CB008A6FBB8}.Debug|Any CPU.Build.0 = Debug|Any CPU
		{8362F095-8650-4053-8395-2CB008A6FBB8}.Release|Any CPU.ActiveCfg = Release|Any CPU
		{8362F095-8650-4053-8395-2CB008A6FBB8}.Release|Any CPU.Build.0 = Release|Any CPU
	EndGlobalSection
	GlobalSection(SolutionProperties) = preSolution
		HideSolutionNode = FALSE
	EndGlobalSection
	GlobalSection(NestedProjects) = preSolution
		{A7D66D7E-3D42-4C86-BFDB-4D1902779691} = {D3135B16-8B17-454E-8CEB-0D051227547C}
		{B5343AA9-A628-46EC-B277-4D892006B85B} = {C0D47900-8649-4549-9C65-B4C2D44A925B}
		{CF343572-CCE9-4411-A217-753E28A17189} = {C0D47900-8649-4549-9C65-B4C2D44A925B}
		{C43566BE-D350-4CEC-B8A8-76E5560641BE} = {C0D47900-8649-4549-9C65-B4C2D44A925B}
		{7B248401-F688-4574-A3F9-16744F5F7882} = {9C2F19E1-9FD7-4D32-919A-06C6922DFC03}
		{B762F39C-2A72-4411-A05C-EEA3574ADE32} = {9C2F19E1-9FD7-4D32-919A-06C6922DFC03}
		{B22490BF-8D97-4CF7-83DF-82682A63B926} = {9C2F19E1-9FD7-4D32-919A-06C6922DFC03}
		{4F4FAA2A-D18C-461E-B0E1-E2A2C7E6DF97} = {9C2F19E1-9FD7-4D32-919A-06C6922DFC03}
		{CFDA3E85-C0B8-4169-BB74-6861F5916D02} = {40779936-52E8-4E3B-A010-2358ABD7E4E2}
		{9F46D440-4902-46F0-9218-104D383C4E26} = {40779936-52E8-4E3B-A010-2358ABD7E4E2}
		{AEE8A216-1BBF-4098-B770-74A41857F59F} = {40779936-52E8-4E3B-A010-2358ABD7E4E2}
		{E2302112-20D3-4D5F-9441-008F3739D088} = {44704A46-C702-48EE-AFD0-BF3DC0515F8F}
		{2E4988BA-480D-43F9-B637-DB33824AE9EB} = {50A3C1DF-5486-426B-9B44-15048D24FC34}
		{8362F095-8650-4053-8395-2CB008A6FBB8} = {79D13046-1241-42B7-A7E5-822B722FDB01}
	EndGlobalSection
	GlobalSection(ExtensibilityGlobals) = postSolution
		SolutionGuid = {6F1C4D0A-F2A0-4BFC-8758-0BCF5E16F53C}
	EndGlobalSection
EndGlobal
